Microsoft Visual Studio Solution File, Format Version 12.00
# Visual Studio Version 17
VisualStudioVersion = 17.5.2.0
MinimumVisualStudioVersion = 10.0.40219.1
Project("{FAE04EC0-301F-11D3-BF4B-00C04F79EFBC}") = "Concepts.Bot", "Concepts.Bot\Concepts.Bot.csproj", "{552E914C-773C-370C-EB3C-6B0D136238B2}"
EndProject
Project("{FAE04EC0-301F-11D3-BF4B-00C04F79EFBC}") = "Concepts.Server", "Concepts.Server\Concepts.Server.csproj", "{6538EECD-B137-BFBF-3124-1C9CA741A542}"
EndProject
Global
	GlobalSection(SolutionConfigurationPlatforms) = preSolution
		Debug|Any CPU = Debug|Any CPU
		Release|Any CPU = Release|Any CPU
	EndGlobalSection
	GlobalSection(ProjectConfigurationPlatforms) = postSolution
		{552E914C-773C-370C-EB3C-6B0D136238B2}.Debug|Any CPU.ActiveCfg = Debug|Any CPU
		{552E914C-773C-370C-EB3C-6B0D136238B2}.Debug|Any CPU.Build.0 = Debug|Any CPU
		{552E914C-773C-370C-EB3C-6B0D136238B2}.Release|Any CPU.ActiveCfg = Release|Any CPU
		{552E914C-773C-370C-EB3C-6B0D136238B2}.Release|Any CPU.Build.0 = Release|Any CPU
		{6538EECD-B137-BFBF-3124-1C9CA741A542}.Debug|Any CPU.ActiveCfg = Debug|Any CPU
		{6538EECD-B137-BFBF-3124-1C9CA741A542}.Debug|Any CPU.Build.0 = Debug|Any CPU
		{6538EECD-B137-BFBF-3124-1C9CA741A542}.Release|Any CPU.ActiveCfg = Release|Any CPU
		{6538EECD-B137-BFBF-3124-1C9CA741A542}.Release|Any CPU.Build.0 = Release|Any CPU
	EndGlobalSection
	GlobalSection(SolutionProperties) = preSolution
		HideSolutionNode = FALSE
	EndGlobalSection
	GlobalSection(ExtensibilityGlobals) = postSolution
		SolutionGuid = {A23B130A-612D-479A-B959-EDC185BF898B}
	EndGlobalSection
EndGlobal
